
Microsoft Visual Studio Solution File, Format Version 12.00
# Visual Studio Version 17
VisualStudioVersion = 17.0.31903.59
MinimumVisualStudioVersion = 10.0.40219.1
Project("{9A19103F-16F7-4668-BE54-9A1E7A4F7556}") = "AspNetMvcEcommerce", "AspNetMvcEcommerce\AspNetMvcEcommerce.csproj", "{755B9C88-B9A0-4F44-A1A5-5C4822E93374}"
EndProject
Global
	GlobalSection(SolutionConfigurationPlatforms) = preSolution
		Debug|Any CPU = Debug|Any CPU
		Release|Any CPU = Release|Any CPU
	EndGlobalSection
	GlobalSection(ProjectConfigurationPlatforms) = postSolution
		{755B9C88-B9A0-4F44-A1A5-5C4822E93374}.Debug|Any CPU.ActiveCfg = Debug|Any CPU
		{755B9C88-B9A0-4F44-A1A5-5C4822E93374}.Debug|Any CPU.Build.0 = Debug|Any CPU
		{755B9C88-B9A0-4F44-A1A5-5C4822E93374}.Release|Any CPU.ActiveCfg = Release|Any CPU
		{755B9C88-B9A0-4F44-A1A5-5C4822E93374}.Release|Any CPU.Build.0 = Release|Any CPU
	EndGlobalSection
	GlobalSection(SolutionProperties) = preSolution
		HideSolutionNode = FALSE
	EndGlobalSection
	GlobalSection(ExtensibilityGlobals) = postSolution
		SolutionGuid = {34DD1AB4-5642-43C8-AFE2-08EC218BC2A8}
	EndGlobalSection
EndGlobal
